
Microsoft Visual Studio Solution File, Format Version 12.00
# Visual Studio Version 16
VisualStudioVersion = 16.0.30711.63
MinimumVisualStudioVersion = 10.0.40219.1
Project("{9A19103F-16F7-4668-BE54-9A1E7A4F7556}") = "WebApi", "src\Web\Web.csproj", "{612A3D51-A47A-4153-B669-576FB87343C3}"
EndProject
Project("{9A19103F-16F7-4668-BE54-9A1E7A4F7556}") = "Domain", "src\Domain\Domain.csproj", "{F10CDC4F-E567-47B5-AD38-F1EEFC374023}"
EndProject
Project("{FAE04EC0-301F-11D3-BF4B-00C04F79EFBC}") = "Infrastructure", "src\Infrastructure\Infrastructure.csproj", "{75E87C34-0E64-4D6A-8F64-92ED422AF92F}"
EndProject
Global
	GlobalSection(SolutionConfigurationPlatforms) = preSolution
		Debug|Any CPU = Debug|Any CPU
		Release|Any CPU = Release|Any CPU
	EndGlobalSection
	GlobalSection(ProjectConfigurationPlatforms) = postSolution
		{612A3D51-A47A-4153-B669-576FB87343C3}.Debug|Any CPU.ActiveCfg = Debug|Any CPU
		{612A3D51-A47A-4153-B669-576FB87343C3}.Debug|Any CPU.Build.0 = Debug|Any CPU
		{612A3D51-A47A-4153-B669-576FB87343C3}.Release|Any CPU.ActiveCfg = Release|Any CPU
		{612A3D51-A47A-4153-B669-576FB87343C3}.Release|Any CPU.Build.0 = Release|Any CPU
		{F10CDC4F-E567-47B5-AD38-F1EEFC374023}.Debug|Any CPU.ActiveCfg = Debug|Any CPU
		{F10CDC4F-E567-47B5-AD38-F1EEFC374023}.Debug|Any CPU.Build.0 = Debug|Any CPU
		{F10CDC4F-E567-47B5-AD38-F1EEFC374023}.Release|Any CPU.ActiveCfg = Release|Any CPU
		{F10CDC4F-E567-47B5-AD38-F1EEFC374023}.Release|Any CPU.Build.0 = Release|Any CPU
		{75E87C34-0E64-4D6A-8F64-92ED422AF92F}.Debug|Any CPU.ActiveCfg = Debug|Any CPU
		{75E87C34-0E64-4D6A-8F64-92ED422AF92F}.Debug|Any CPU.Build.0 = Debug|Any CPU
		{75E87C34-0E64-4D6A-8F64-92ED422AF92F}.Release|Any CPU.ActiveCfg = Release|Any CPU
		{75E87C34-0E64-4D6A-8F64-92ED422AF92F}.Release|Any CPU.Build.0 = Release|Any CPU
	EndGlobalSection
	GlobalSection(SolutionProperties) = preSolution
		HideSolutionNode = FALSE
	EndGlobalSection
	GlobalSection(ExtensibilityGlobals) = postSolution
		SolutionGuid = {390B9E38-4975-41E1-929F-7FE1397790E1}
	EndGlobalSection
EndGlobal
